
Microsoft Visual Studio Solution File, Format Version 12.00
#
Project("{FAE04EC0-301F-11D3-BF4B-00C04F79EFBC}") = "TestDataDumper", "src\TestDataDumper\TestDataDumper.csproj", "{0444F0A6-339B-49BF-8EEB-1F88F54AF9EB}"
EndProject
Project("{2150E333-8FDC-42A3-9474-1A3956D46DE8}") = "Solution Items", "Solution Items", "{8FA1C048-2B77-443C-AAF6-50EEC0547C24}"
	ProjectSection(SolutionItems) = preProject
		README.MD = README.MD
	EndProjectSection
EndProject
Project("{2150E333-8FDC-42A3-9474-1A3956D46DE8}") = "Example", "Example", "{07ACDC11-DFB2-4F62-B6F4-8770660B2ECE}"
EndProject
Project("{2150E333-8FDC-42A3-9474-1A3956D46DE8}") = "Src", "Src", "{501A413A-6051-47C9-8B9D-4DCE193F658C}"
EndProject
Project("{FAE04EC0-301F-11D3-BF4B-00C04F79EFBC}") = "TestDataDumper.Data", "example\TestDataDumper.Data\TestDataDumper.Data.csproj", "{BAACFBCE-8B3A-45B4-894C-9B7D803C5050}"
EndProject
Project("{FAE04EC0-301F-11D3-BF4B-00C04F79EFBC}") = "TestDataDumper.TestData", "example\TestDataDumper.TestData\TestDataDumper.TestData.csproj", "{2323EB4E-2EFC-412A-BA4F-E7A33F4DE0D6}"
EndProject
Project("{FAE04EC0-301F-11D3-BF4B-00C04F79EFBC}") = "TestDataDumper.Tests", "example\TestDataDumper.Tests\TestDataDumper.Tests.csproj", "{0272B1AE-6DAC-409F-B8E6-2712546B3E66}"
EndProject
Project("{FAE04EC0-301F-11D3-BF4B-00C04F79EFBC}") = "TestDataDumper.Data.Entities", "example\TestDataDumper.Data.Entities\TestDataDumper.Data.Entities.csproj", "{473CBD9D-4CE8-4AE2-9162-3382D67CB488}"
EndProject
Global
	GlobalSection(SolutionConfigurationPlatforms) = preSolution
		Debug|Any CPU = Debug|Any CPU
		Release|Any CPU = Release|Any CPU
	EndGlobalSection
	GlobalSection(ProjectConfigurationPlatforms) = postSolution
		{0444F0A6-339B-49BF-8EEB-1F88F54AF9EB}.Debug|Any CPU.ActiveCfg = Debug|Any CPU
		{0444F0A6-339B-49BF-8EEB-1F88F54AF9EB}.Debug|Any CPU.Build.0 = Debug|Any CPU
		{0444F0A6-339B-49BF-8EEB-1F88F54AF9EB}.Release|Any CPU.ActiveCfg = Release|Any CPU
		{0444F0A6-339B-49BF-8EEB-1F88F54AF9EB}.Release|Any CPU.Build.0 = Release|Any CPU
		{BAACFBCE-8B3A-45B4-894C-9B7D803C5050}.Debug|Any CPU.ActiveCfg = Debug|Any CPU
		{BAACFBCE-8B3A-45B4-894C-9B7D803C5050}.Debug|Any CPU.Build.0 = Debug|Any CPU
		{BAACFBCE-8B3A-45B4-894C-9B7D803C5050}.Release|Any CPU.ActiveCfg = Release|Any CPU
		{BAACFBCE-8B3A-45B4-894C-9B7D803C5050}.Release|Any CPU.Build.0 = Release|Any CPU
		{2323EB4E-2EFC-412A-BA4F-E7A33F4DE0D6}.Debug|Any CPU.ActiveCfg = Debug|Any CPU
		{2323EB4E-2EFC-412A-BA4F-E7A33F4DE0D6}.Debug|Any CPU.Build.0 = Debug|Any CPU
		{2323EB4E-2EFC-412A-BA4F-E7A33F4DE0D6}.Release|Any CPU.ActiveCfg = Release|Any CPU
		{2323EB4E-2EFC-412A-BA4F-E7A33F4DE0D6}.Release|Any CPU.Build.0 = Release|Any CPU
		{0272B1AE-6DAC-409F-B8E6-2712546B3E66}.Debug|Any CPU.ActiveCfg = Debug|Any CPU
		{0272B1AE-6DAC-409F-B8E6-2712546B3E66}.Debug|Any CPU.Build.0 = Debug|Any CPU
		{0272B1AE-6DAC-409F-B8E6-2712546B3E66}.Release|Any CPU.ActiveCfg = Release|Any CPU
		{0272B1AE-6DAC-409F-B8E6-2712546B3E66}.Release|Any CPU.Build.0 = Release|Any CPU
		{473CBD9D-4CE8-4AE2-9162-3382D67CB488}.Debug|Any CPU.ActiveCfg = Debug|Any CPU
		{473CBD9D-4CE8-4AE2-9162-3382D67CB488}.Debug|Any CPU.Build.0 = Debug|Any CPU
		{473CBD9D-4CE8-4AE2-9162-3382D67CB488}.Release|Any CPU.ActiveCfg = Release|Any CPU
		{473CBD9D-4CE8-4AE2-9162-3382D67CB488}.Release|Any CPU.Build.0 = Release|Any CPU
	EndGlobalSection
	GlobalSection(NestedProjects) = preSolution
		{0444F0A6-339B-49BF-8EEB-1F88F54AF9EB} = {501A413A-6051-47C9-8B9D-4DCE193F658C}
		{BAACFBCE-8B3A-45B4-894C-9B7D803C5050} = {07ACDC11-DFB2-4F62-B6F4-8770660B2ECE}
		{2323EB4E-2EFC-412A-BA4F-E7A33F4DE0D6} = {07ACDC11-DFB2-4F62-B6F4-8770660B2ECE}
		{0272B1AE-6DAC-409F-B8E6-2712546B3E66} = {07ACDC11-DFB2-4F62-B6F4-8770660B2ECE}
		{473CBD9D-4CE8-4AE2-9162-3382D67CB488} = {07ACDC11-DFB2-4F62-B6F4-8770660B2ECE}
	EndGlobalSection
EndGlobal
